
Microsoft Visual Studio Solution File, Format Version 12.00
# Visual Studio Version 17
VisualStudioVersion = 17.13.35828.75 d17.13
MinimumVisualStudioVersion = 10.0.40219.1
Project("{FAE04EC0-301F-11D3-BF4B-00C04F79EFBC}") = "PudelkoLibrary", "PudelkoLibrary\PudelkoLibrary.csproj", "{8BEFA32D-F5E9-46A5-98B6-91090EEF3078}"
EndProject
Project("{FAE04EC0-301F-11D3-BF4B-00C04F79EFBC}") = "UnitTests", "UnitTests\UnitTests.csproj", "{E71DA401-8D09-4315-9AB5-47C8444C155E}"
EndProject
Global
	GlobalSection(SolutionConfigurationPlatforms) = preSolution
		Debug|Any CPU = Debug|Any CPU
		Release|Any CPU = Release|Any CPU
	EndGlobalSection
	GlobalSection(ProjectConfigurationPlatforms) = postSolution
		{8BEFA32D-F5E9-46A5-98B6-91090EEF3078}.Debug|Any CPU.ActiveCfg = Debug|Any CPU
		{8BEFA32D-F5E9-46A5-98B6-91090EEF3078}.Debug|Any CPU.Build.0 = Debug|Any CPU
		{8BEFA32D-F5E9-46A5-98B6-91090EEF3078}.Release|Any CPU.ActiveCfg = Release|Any CPU
		{8BEFA32D-F5E9-46A5-98B6-91090EEF3078}.Release|Any CPU.Build.0 = Release|Any CPU
		{E71DA401-8D09-4315-9AB5-47C8444C155E}.Debug|Any CPU.ActiveCfg = Debug|Any CPU
		{E71DA401-8D09-4315-9AB5-47C8444C155E}.Debug|Any CPU.Build.0 = Debug|Any CPU
		{E71DA401-8D09-4315-9AB5-47C8444C155E}.Release|Any CPU.ActiveCfg = Release|Any CPU
		{E71DA401-8D09-4315-9AB5-47C8444C155E}.Release|Any CPU.Build.0 = Release|Any CPU
	EndGlobalSection
	GlobalSection(SolutionProperties) = preSolution
		HideSolutionNode = FALSE
	EndGlobalSection
	GlobalSection(ExtensibilityGlobals) = postSolution
		SolutionGuid = {0A8B4683-DCDF-41DF-9F44-018AB2C3010F}
	EndGlobalSection
EndGlobal
